
Microsoft Visual Studio Solution File, Format Version 12.00
# Visual Studio Version 17
VisualStudioVersion = 17.0.31611.283
MinimumVisualStudioVersion = 10.0.40219.1
Project("{9A19103F-16F7-4668-BE54-9A1E7A4F7556}") = "Aplicacion", "Aplicacion\Aplicacion.csproj", "{1E93899A-DF4D-4EB0-82AE-0ABFEB16B9C0}"
EndProject
Project("{9A19103F-16F7-4668-BE54-9A1E7A4F7556}") = "Consola-Sistema", "Consola-Sistema\Consola-Sistema.csproj", "{34017FC4-6568-4768-A5F7-8226310E7914}"
EndProject
Project("{9A19103F-16F7-4668-BE54-9A1E7A4F7556}") = "Sistema", "Sistema\Sistema.csproj", "{A95B67D9-DA9D-4F92-826D-968E89014066}"
EndProject
Project("{FAE04EC0-301F-11D3-BF4B-00C04F79EFBC}") = "Server", "Server\Server.csproj", "{85E789FD-C2BC-4223-BD0F-BCAA95D51EE8}"
EndProject
Global
	GlobalSection(SolutionConfigurationPlatforms) = preSolution
		Debug|Any CPU = Debug|Any CPU
		Release|Any CPU = Release|Any CPU
	EndGlobalSection
	GlobalSection(ProjectConfigurationPlatforms) = postSolution
		{1E93899A-DF4D-4EB0-82AE-0ABFEB16B9C0}.Debug|Any CPU.ActiveCfg = Debug|Any CPU
		{1E93899A-DF4D-4EB0-82AE-0ABFEB16B9C0}.Debug|Any CPU.Build.0 = Debug|Any CPU
		{1E93899A-DF4D-4EB0-82AE-0ABFEB16B9C0}.Debug|Any CPU.Deploy.0 = Debug|Any CPU
		{1E93899A-DF4D-4EB0-82AE-0ABFEB16B9C0}.Release|Any CPU.ActiveCfg = Release|Any CPU
		{1E93899A-DF4D-4EB0-82AE-0ABFEB16B9C0}.Release|Any CPU.Build.0 = Release|Any CPU
		{1E93899A-DF4D-4EB0-82AE-0ABFEB16B9C0}.Release|Any CPU.Deploy.0 = Release|Any CPU
		{34017FC4-6568-4768-A5F7-8226310E7914}.Debug|Any CPU.ActiveCfg = Debug|Any CPU
		{34017FC4-6568-4768-A5F7-8226310E7914}.Debug|Any CPU.Build.0 = Debug|Any CPU
		{34017FC4-6568-4768-A5F7-8226310E7914}.Release|Any CPU.ActiveCfg = Release|Any CPU
		{34017FC4-6568-4768-A5F7-8226310E7914}.Release|Any CPU.Build.0 = Release|Any CPU
		{A95B67D9-DA9D-4F92-826D-968E89014066}.Debug|Any CPU.ActiveCfg = Debug|Any CPU
		{A95B67D9-DA9D-4F92-826D-968E89014066}.Debug|Any CPU.Build.0 = Debug|Any CPU
		{A95B67D9-DA9D-4F92-826D-968E89014066}.Release|Any CPU.ActiveCfg = Release|Any CPU
		{A95B67D9-DA9D-4F92-826D-968E89014066}.Release|Any CPU.Build.0 = Release|Any CPU
		{85E789FD-C2BC-4223-BD0F-BCAA95D51EE8}.Debug|Any CPU.ActiveCfg = Debug|Any CPU
		{85E789FD-C2BC-4223-BD0F-BCAA95D51EE8}.Debug|Any CPU.Build.0 = Debug|Any CPU
		{85E789FD-C2BC-4223-BD0F-BCAA95D51EE8}.Release|Any CPU.ActiveCfg = Release|Any CPU
		{85E789FD-C2BC-4223-BD0F-BCAA95D51EE8}.Release|Any CPU.Build.0 = Release|Any CPU
	EndGlobalSection
	GlobalSection(SolutionProperties) = preSolution
		HideSolutionNode = FALSE
	EndGlobalSection
	GlobalSection(ExtensibilityGlobals) = postSolution
		SolutionGuid = {61F7FB11-1E47-470C-91E2-47F8143E1572}
	EndGlobalSection
EndGlobal
